
Microsoft Visual Studio Solution File, Format Version 12.00
# Visual Studio Express 2012 for Windows Desktop
Project("{FAE04EC0-301F-11D3-BF4B-00C04F79EFBC}") = "day1", "day1\day1.csproj", "{4009CAA2-6BB5-4930-BEEB-77E7079DEFDE}"
EndProject
Global
	GlobalSection(SolutionConfigurationPlatforms) = preSolution
		Debug|Any CPU = Debug|Any CPU
		Release|Any CPU = Release|Any CPU
	EndGlobalSection
	GlobalSection(ProjectConfigurationPlatforms) = postSolution
		{4009CAA2-6BB5-4930-BEEB-77E7079DEFDE}.Debug|Any CPU.ActiveCfg = Debug|Any CPU
		{4009CAA2-6BB5-4930-BEEB-77E7079DEFDE}.Debug|Any CPU.Build.0 = Debug|Any CPU
		{4009CAA2-6BB5-4930-BEEB-77E7079DEFDE}.Release|Any CPU.ActiveCfg = Release|Any CPU
		{4009CAA2-6BB5-4930-BEEB-77E7079DEFDE}.Release|Any CPU.Build.0 = Release|Any CPU
	EndGlobalSection
	GlobalSection(SolutionProperties) = preSolution
		HideSolutionNode = FALSE
	EndGlobalSection
EndGlobal
