
Microsoft Visual Studio Solution File, Format Version 12.00
# Visual Studio Express 2012 for Windows Desktop
Project("{FAE04EC0-301F-11D3-BF4B-00C04F79EFBC}") = "PracticeEnumeration", "PracticeEnumeration\PracticeEnumeration.csproj", "{B1E0E925-BF8C-41FE-854A-AC79C9637B3D}"
EndProject
Project("{FAE04EC0-301F-11D3-BF4B-00C04F79EFBC}") = "Day6_2", "Day6_2\Day6_2.csproj", "{450D3EA0-30ED-4237-B6CB-CFC5271FF4BD}"
EndProject
Global
	GlobalSection(SolutionConfigurationPlatforms) = preSolution
		Debug|Any CPU = Debug|Any CPU
		Release|Any CPU = Release|Any CPU
	EndGlobalSection
	GlobalSection(ProjectConfigurationPlatforms) = postSolution
		{B1E0E925-BF8C-41FE-854A-AC79C9637B3D}.Debug|Any CPU.ActiveCfg = Debug|Any CPU
		{B1E0E925-BF8C-41FE-854A-AC79C9637B3D}.Debug|Any CPU.Build.0 = Debug|Any CPU
		{B1E0E925-BF8C-41FE-854A-AC79C9637B3D}.Release|Any CPU.ActiveCfg = Release|Any CPU
		{B1E0E925-BF8C-41FE-854A-AC79C9637B3D}.Release|Any CPU.Build.0 = Release|Any CPU
		{450D3EA0-30ED-4237-B6CB-CFC5271FF4BD}.Debug|Any CPU.ActiveCfg = Debug|Any CPU
		{450D3EA0-30ED-4237-B6CB-CFC5271FF4BD}.Debug|Any CPU.Build.0 = Debug|Any CPU
		{450D3EA0-30ED-4237-B6CB-CFC5271FF4BD}.Release|Any CPU.ActiveCfg = Release|Any CPU
		{450D3EA0-30ED-4237-B6CB-CFC5271FF4BD}.Release|Any CPU.Build.0 = Release|Any CPU
	EndGlobalSection
	GlobalSection(SolutionProperties) = preSolution
		HideSolutionNode = FALSE
	EndGlobalSection
EndGlobal
