
Microsoft Visual Studio Solution File, Format Version 12.00
# Visual Studio Express 2012 for Windows Desktop
Project("{FAE04EC0-301F-11D3-BF4B-00C04F79EFBC}") = "Array3", "Array3\Array3.csproj", "{C77AED6D-3EB1-4DE7-89ED-7F684C832B1C}"
EndProject
Global
	GlobalSection(SolutionConfigurationPlatforms) = preSolution
		Debug|Any CPU = Debug|Any CPU
		Release|Any CPU = Release|Any CPU
	EndGlobalSection
	GlobalSection(ProjectConfigurationPlatforms) = postSolution
		{C77AED6D-3EB1-4DE7-89ED-7F684C832B1C}.Debug|Any CPU.ActiveCfg = Debug|Any CPU
		{C77AED6D-3EB1-4DE7-89ED-7F684C832B1C}.Debug|Any CPU.Build.0 = Debug|Any CPU
		{C77AED6D-3EB1-4DE7-89ED-7F684C832B1C}.Release|Any CPU.ActiveCfg = Release|Any CPU
		{C77AED6D-3EB1-4DE7-89ED-7F684C832B1C}.Release|Any CPU.Build.0 = Release|Any CPU
	EndGlobalSection
	GlobalSection(SolutionProperties) = preSolution
		HideSolutionNode = FALSE
	EndGlobalSection
EndGlobal
